
Microsoft Visual Studio Solution File, Format Version 12.00
# Visual Studio 14
VisualStudioVersion = 14.0.25420.1
MinimumVisualStudioVersion = 10.0.40219.1
Project("{FAE04EC0-301F-11D3-BF4B-00C04F79EFBC}") = "app", "app\app.csproj", "{D63C4FCC-7138-4139-A8BF-5586D4557698}"
EndProject
Project("{FAE04EC0-301F-11D3-BF4B-00C04F79EFBC}") = "enquete.infra", "enquete.infra\enquete.infra.csproj", "{0D38A4B1-7E2E-44C2-8371-C7E1F174707E}"
EndProject
Project("{FAE04EC0-301F-11D3-BF4B-00C04F79EFBC}") = "enquete.Domain", "enquete.Domain\enquete.Domain.csproj", "{9F9F334A-DF50-4E9C-AD51-AFF122716482}"
EndProject
Global
	GlobalSection(SolutionConfigurationPlatforms) = preSolution
		Debug|Any CPU = Debug|Any CPU
		Release|Any CPU = Release|Any CPU
	EndGlobalSection
	GlobalSection(ProjectConfigurationPlatforms) = postSolution
		{D63C4FCC-7138-4139-A8BF-5586D4557698}.Debug|Any CPU.ActiveCfg = Debug|Any CPU
		{D63C4FCC-7138-4139-A8BF-5586D4557698}.Debug|Any CPU.Build.0 = Debug|Any CPU
		{D63C4FCC-7138-4139-A8BF-5586D4557698}.Release|Any CPU.ActiveCfg = Release|Any CPU
		{D63C4FCC-7138-4139-A8BF-5586D4557698}.Release|Any CPU.Build.0 = Release|Any CPU
		{0D38A4B1-7E2E-44C2-8371-C7E1F174707E}.Debug|Any CPU.ActiveCfg = Debug|Any CPU
		{0D38A4B1-7E2E-44C2-8371-C7E1F174707E}.Debug|Any CPU.Build.0 = Debug|Any CPU
		{0D38A4B1-7E2E-44C2-8371-C7E1F174707E}.Release|Any CPU.ActiveCfg = Release|Any CPU
		{0D38A4B1-7E2E-44C2-8371-C7E1F174707E}.Release|Any CPU.Build.0 = Release|Any CPU
		{9F9F334A-DF50-4E9C-AD51-AFF122716482}.Debug|Any CPU.ActiveCfg = Debug|Any CPU
		{9F9F334A-DF50-4E9C-AD51-AFF122716482}.Debug|Any CPU.Build.0 = Debug|Any CPU
		{9F9F334A-DF50-4E9C-AD51-AFF122716482}.Release|Any CPU.ActiveCfg = Release|Any CPU
		{9F9F334A-DF50-4E9C-AD51-AFF122716482}.Release|Any CPU.Build.0 = Release|Any CPU
	EndGlobalSection
	GlobalSection(SolutionProperties) = preSolution
		HideSolutionNode = FALSE
	EndGlobalSection
EndGlobal
